{
  "lockfile_version": "1",
  "packages": {
    "ctlptl@0.8.28": {
      "last_modified": "2024-05-22T06:18:38Z",
      "resolved": "github:NixOS/nixpkgs/3f316d2a50699a78afe5e77ca486ad553169061e#ctlptl",
      "source": "devbox-search",
      "version": "0.8.28",
      "systems": {
        "aarch64-darwin": {
          "outputs": [
            {
              "name": "out",
              "path": "/nix/store/kwfrk82xa2mzjmj2r2w3hg328bmamsji-ctlptl-0.8.28",
              "default": true
            }
          ],
          "store_path": "/nix/store/kwfrk82xa2mzjmj2r2w3hg328bmamsji-ctlptl-0.8.28"
        },
        "aarch64-linux": {
          "outputs": [
            {
              "name": "out",
              "path": "/nix/store/biix1bdscif3pmvggyxbq6nxasam8jpq-ctlptl-0.8.28",
              "default": true
            }
          ],
          "store_path": "/nix/store/biix1bdscif3pmvggyxbq6nxasam8jpq-ctlptl-0.8.28"
        },
        "x86_64-darwin": {
          "outputs": [
            {
              "name": "out",
              "path": "/nix/store/72qgd3slx8w0acsarsvcxkmsf96dhjpz-ctlptl-0.8.28",
              "default": true
            }
          ],
          "store_path": "/nix/store/72qgd3slx8w0acsarsvcxkmsf96dhjpz-ctlptl-0.8.28"
        },
        "x86_64-linux": {
          "outputs": [
            {
              "name": "out",
              "path": "/nix/store/x3biv9b5l13ysqrac80p2g3397bbcml8-ctlptl-0.8.28",
              "default": true
            }
          ],
          "store_path": "/nix/store/x3biv9b5l13ysqrac80p2g3397bbcml8-ctlptl-0.8.28"
        }
      }
    },
    "go-task@3.37.2": {
      "last_modified": "2024-05-29T10:04:41Z",
      "resolved": "github:NixOS/nixpkgs/ac82a513e55582291805d6f09d35b6d8b60637a1#go-task",
      "source": "devbox-search",
      "version": "3.37.2",
      "systems": {
        "aarch64-darwin": {
          "outputs": [
            {
              "name": "out",
              "path": "/nix/store/sxx5qi67pni1188alq2a8vxnyliy4mpk-go-task-3.37.2",
              "default": true
            }
          ],
          "store_path": "/nix/store/sxx5qi67pni1188alq2a8vxnyliy4mpk-go-task-3.37.2"
        },
        "aarch64-linux": {
          "outputs": [
            {
              "name": "out",
              "path": "/nix/store/6ji3xndcf45yrsrvbv3rkp789bz6rcby-go-task-3.37.2",
              "default": true
            }
          ],
          "store_path": "/nix/store/6ji3xndcf45yrsrvbv3rkp789bz6rcby-go-task-3.37.2"
        },
        "x86_64-darwin": {
          "outputs": [
            {
              "name": "out",
              "path": "/nix/store/gf9ygvd2m7v2hv3349k6q3jgk0bfqr9z-go-task-3.37.2",
              "default": true
            }
          ],
          "store_path": "/nix/store/gf9ygvd2m7v2hv3349k6q3jgk0bfqr9z-go-task-3.37.2"
        },
        "x86_64-linux": {
          "outputs": [
            {
              "name": "out",
              "path": "/nix/store/9bswbbgd0fdbqa40yrj7f595303zbrnj-go-task-3.37.2",
              "default": true
            }
          ],
          "store_path": "/nix/store/9bswbbgd0fdbqa40yrj7f595303zbrnj-go-task-3.37.2"
        }
      }
    },
    "kind@0.23.0": {
      "last_modified": "2024-05-29T10:04:41Z",
      "resolved": "github:NixOS/nixpkgs/ac82a513e55582291805d6f09d35b6d8b60637a1#kind",
      "source": "devbox-search",
      "version": "0.23.0",
      "systems": {
        "aarch64-darwin": {
          "outputs": [
            {
              "name": "out",
              "path": "/nix/store/lg81ng5l5c7naqww8qqlmqnixvpx8xzs-kind-0.23.0",
              "default": true
            }
          ],
          "store_path": "/nix/store/lg81ng5l5c7naqww8qqlmqnixvpx8xzs-kind-0.23.0"
        },
        "aarch64-linux": {
          "outputs": [
            {
              "name": "out",
              "path": "/nix/store/jndyfwjc9hsf1rhvh0yxqsqw0hqqs8j8-kind-0.23.0",
              "default": true
            }
          ],
          "store_path": "/nix/store/jndyfwjc9hsf1rhvh0yxqsqw0hqqs8j8-kind-0.23.0"
        },
        "x86_64-darwin": {
          "outputs": [
            {
              "name": "out",
              "path": "/nix/store/q1ymfg7wsdlmp9b11kpb3pmshrdfbyjj-kind-0.23.0",
              "default": true
            }
          ],
          "store_path": "/nix/store/q1ymfg7wsdlmp9b11kpb3pmshrdfbyjj-kind-0.23.0"
        },
        "x86_64-linux": {
          "outputs": [
            {
              "name": "out",
              "path": "/nix/store/8if8dwbvyalf0cfk0vkaysvcmkva9syh-kind-0.23.0",
              "default": true
            }
          ],
          "store_path": "/nix/store/8if8dwbvyalf0cfk0vkaysvcmkva9syh-kind-0.23.0"
        }
      }
    },
    "kubernetes-helm@3.15.1": {
      "last_modified": "2024-05-29T10:04:41Z",
      "resolved": "github:NixOS/nixpkgs/ac82a513e55582291805d6f09d35b6d8b60637a1#kubernetes-helm",
      "source": "devbox-search",
      "version": "3.15.1",
      "systems": {
        "aarch64-darwin": {
          "outputs": [
            {
              "name": "out",
              "path": "/nix/store/nipci6fqwxvyz3bcq63mz4svi5bvcpb6-kubernetes-helm-3.15.1",
              "default": true
            }
          ],
          "store_path": "/nix/store/nipci6fqwxvyz3bcq63mz4svi5bvcpb6-kubernetes-helm-3.15.1"
        },
        "aarch64-linux": {
          "outputs": [
            {
              "name": "out",
              "path": "/nix/store/axp4ixbbbxhg8f630cj6rvxjdjbx99pw-kubernetes-helm-3.15.1",
              "default": true
            }
          ],
          "store_path": "/nix/store/axp4ixbbbxhg8f630cj6rvxjdjbx99pw-kubernetes-helm-3.15.1"
        },
        "x86_64-darwin": {
          "outputs": [
            {
              "name": "out",
              "path": "/nix/store/rvdcn0nsid05i4ardmvgn38bd1fkk9rw-kubernetes-helm-3.15.1",
              "default": true
            }
          ],
          "store_path": "/nix/store/rvdcn0nsid05i4ardmvgn38bd1fkk9rw-kubernetes-helm-3.15.1"
        },
        "x86_64-linux": {
          "outputs": [
            {
              "name": "out",
              "path": "/nix/store/i24nairmnj41aq4w6x7fp8wjrcd15i13-kubernetes-helm-3.15.1",
              "default": true
            }
          ],
          "store_path": "/nix/store/i24nairmnj41aq4w6x7fp8wjrcd15i13-kubernetes-helm-3.15.1"
        }
      }
    },
    "mongosh@2.2.6": {
      "last_modified": "2024-05-23T08:10:22Z",
      "resolved": "github:NixOS/nixpkgs/3305b2b25e4ae4baee872346eae133cf6f611783#mongosh",
      "source": "devbox-search",
      "version": "2.2.6",
      "systems": {
        "aarch64-darwin": {
          "outputs": [
            {
              "name": "out",
              "path": "/nix/store/jp2l63nf28kc3m2kc5mc6nhvhn78lk54-mongosh-2.2.6",
              "default": true
            }
          ],
          "store_path": "/nix/store/jp2l63nf28kc3m2kc5mc6nhvhn78lk54-mongosh-2.2.6"
        },
        "aarch64-linux": {
          "outputs": [
            {
              "name": "out",
              "path": "/nix/store/wzadj3m6mfdpfxqss83wgf8np9lsp5yk-mongosh-2.2.6",
              "default": true
            }
          ],
          "store_path": "/nix/store/wzadj3m6mfdpfxqss83wgf8np9lsp5yk-mongosh-2.2.6"
        },
        "x86_64-darwin": {
          "outputs": [
            {
              "name": "out",
              "path": "/nix/store/m3rv6b0yy9ii6pi7daj2azd1wlfc8yw6-mongosh-2.2.6",
              "default": true
            }
          ],
          "store_path": "/nix/store/m3rv6b0yy9ii6pi7daj2azd1wlfc8yw6-mongosh-2.2.6"
        },
        "x86_64-linux": {
          "outputs": [
            {
              "name": "out",
              "path": "/nix/store/in5806h0hnj9qp0r35hk72qr97v1wq8z-mongosh-2.2.6",
              "default": true
            }
          ],
          "store_path": "/nix/store/in5806h0hnj9qp0r35hk72qr97v1wq8z-mongosh-2.2.6"
        }
      }
    },
    "natscli@0.1.4": {
      "last_modified": "2024-05-29T10:04:41Z",
      "resolved": "github:NixOS/nixpkgs/ac82a513e55582291805d6f09d35b6d8b60637a1#natscli",
      "source": "devbox-search",
      "version": "0.1.4",
      "systems": {
        "aarch64-darwin": {
          "outputs": [
            {
              "name": "out",
              "path": "/nix/store/g2lcjxrk4pr46byb9m1aq6bi6xc35zsy-natscli-0.1.4",
              "default": true
            }
          ],
          "store_path": "/nix/store/g2lcjxrk4pr46byb9m1aq6bi6xc35zsy-natscli-0.1.4"
        },
        "aarch64-linux": {
          "outputs": [
            {
              "name": "out",
              "path": "/nix/store/7av2zqrz7xgqagabqygzi12jwyq16pi2-natscli-0.1.4",
              "default": true
            }
          ],
          "store_path": "/nix/store/7av2zqrz7xgqagabqygzi12jwyq16pi2-natscli-0.1.4"
        },
        "x86_64-darwin": {
          "outputs": [
            {
              "name": "out",
              "path": "/nix/store/fks6blcg880f28dz8528iggds9a86n7h-natscli-0.1.4",
              "default": true
            }
          ],
          "store_path": "/nix/store/fks6blcg880f28dz8528iggds9a86n7h-natscli-0.1.4"
        },
        "x86_64-linux": {
          "outputs": [
            {
              "name": "out",
              "path": "/nix/store/wd1hihxn1pqaafqhrbxs660rjp78wnb4-natscli-0.1.4",
              "default": true
            }
          ],
          "store_path": "/nix/store/wd1hihxn1pqaafqhrbxs660rjp78wnb4-natscli-0.1.4"
        }
      }
    },
    "tilt@0.33.10": {
      "last_modified": "2024-05-29T10:04:41Z",
      "resolved": "github:NixOS/nixpkgs/ac82a513e55582291805d6f09d35b6d8b60637a1#tilt",
      "source": "devbox-search",
      "version": "0.33.10",
      "systems": {
        "aarch64-darwin": {
          "outputs": [
            {
              "name": "out",
              "path": "/nix/store/qjzcr1js355d5hkbm8whnbi60w2q4wgv-tilt-0.33.10",
              "default": true
            }
          ],
          "store_path": "/nix/store/qjzcr1js355d5hkbm8whnbi60w2q4wgv-tilt-0.33.10"
        },
        "aarch64-linux": {
          "outputs": [
            {
              "name": "out",
              "path": "/nix/store/mxb1gh3sm1hqs5wqbxb0vbv0ysmd36j8-tilt-0.33.10",
              "default": true
            }
          ],
          "store_path": "/nix/store/mxb1gh3sm1hqs5wqbxb0vbv0ysmd36j8-tilt-0.33.10"
        },
        "x86_64-darwin": {
          "outputs": [
            {
              "name": "out",
              "path": "/nix/store/x1z0j1chrgvzhmm8q11zf2d6w6i53iay-tilt-0.33.10",
              "default": true
            }
          ],
          "store_path": "/nix/store/x1z0j1chrgvzhmm8q11zf2d6w6i53iay-tilt-0.33.10"
        },
        "x86_64-linux": {
          "outputs": [
            {
              "name": "out",
              "path": "/nix/store/8n7f6jcn5zw7xh8vcgiaamxy8aswwvhq-tilt-0.33.10",
              "default": true
            }
          ],
          "store_path": "/nix/store/8n7f6jcn5zw7xh8vcgiaamxy8aswwvhq-tilt-0.33.10"
        }
      }
    }
  }
}
